// !$*UTF8*$!
{
	archiveVersion = 1;
	classes = {
	};
	objectVersion = 46;
	objects = {

/* Begin PBXBuildFile section */
		FC2DB1FF1E24B3D10094F378 /* CollectionViewCell.swift in Sources */ = {isa = PBXBuildFile; fileRef = FC2DB1FE1E24B3D10094F378 /* CollectionViewCell.swift */; };
		FC2DB2011E24B5350094F378 /* NewViewController.swift in Sources */ = {isa = PBXBuildFile; fileRef = FC2DB2001E24B5350094F378 /* NewViewController.swift */; };
		FC720E2F1E23D6CF00E56FB1 /* AppDelegate.swift in Sources */ = {isa = PBXBuildFile; fileRef = FC720E2E1E23D6CF00E56FB1 /* AppDelegate.swift */; };
		FC720E311E23D6CF00E56FB1 /* ViewController.swift in Sources */ = {isa = PBXBuildFile; fileRef = FC720E301E23D6CF00E56FB1 /* ViewController.swift */; };
		FC720E341E23D6CF00E56FB1 /* Main.storyboard in Resources */ = {isa = PBXBuildFile; fileRef = FC720E321E23D6CF00E56FB1 /* Main.storyboard */; };
		FC720E361E23D6CF00E56FB1 /* Assets.xcassets in Resources */ = {isa = PBXBuildFile; fileRef = FC720E351E23D6CF00E56FB1 /* Assets.xcassets */; };
		FC720E391E23D6CF00E56FB1 /* LaunchScreen.storyboard in Resources */ = {isa = PBXBuildFile; fileRef = FC720E371E23D6CF00E56FB1 /* LaunchScreen.storyboard */; };
/* End PBXBuildFile section */

/* Begin PBXFileReference section */
		FC2DB1FE1E24B3D10094F378 /* CollectionViewCell.swift */ = {isa = PBXFileReference; fileEncoding = 4; lastKnownFileType = sourcecode.swift; path = CollectionViewCell.swift; sourceTree = "<group>"; };
		FC2DB2001E24B5350094F378 /* NewViewController.swift */ = {isa = PBXFileReference; fileEncoding = 4; lastKnownFileType = sourcecode.swift; path = NewViewController.swift; sourceTree = "<group>"; };
		FC720E2B1E23D6CF00E56FB1 /* AlbumViewTest.app */ = {isa = PBXFileReference; explicitFileType = wrapper.application; includeInIndex = 0; path = AlbumViewTest.app; sourceTree = BUILT_PRODUCTS_DIR; };
		FC720E2E1E23D6CF00E56FB1 /* AppDelegate.swift */ = {isa = PBXFileReference; lastKnownFileType = sourcecode.swift; path = AppDelegate.swift; sourceTree = "<group>"; };
		FC720E301E23D6CF00E56FB1 /* ViewController.swift */ = {isa = PBXFileReference; lastKnownFileType = sourcecode.swift; path = ViewController.swift; sourceTree = "<group>"; };
		FC720E331E23D6CF00E56FB1 /* Base */ = {isa = PBXFileReference; lastKnownFileType = file.storyboard; name = Base; path = Base.lproj/Main.storyboard; sourceTree = "<group>"; };
		FC720E351E23D6CF00E56FB1 /* Assets.xcassets */ = {isa = PBXFileReference; lastKnownFileType = folder.assetcatalog; path = Assets.xcassets; sourceTree = "<group>"; };
		FC720E381E23D6CF00E56FB1 /* Base */ = {isa = PBXFileReference; lastKnownFileType = file.storyboard; name = Base; path = Base.lproj/LaunchScreen.storyboard; sourceTree = "<group>"; };
		FC720E3A1E23D6CF00E56FB1 /* Info.plist */ = {isa = PBXFileReference; lastKnownFileType = text.plist.xml; path = Info.plist; sourceTree = "<group>"; };
/* End PBXFileReference section */

/* Begin PBXFrameworksBuildPhase section */
		FC720E281E23D6CF00E56FB1 /* Frameworks */ = {
			isa = PBXFrameworksBuildPhase;
			buildActionMask = 2147483647;
			files = (
			);
			runOnlyForDeploymentPostprocessing = 0;
		};
/* End PBXFrameworksBuildPhase section */

/* Begin PBXGroup section */
		FC720E221E23D6CF00E56FB1 = {
			isa = PBXGroup;
			children = (
				FC720E2D1E23D6CF00E56FB1 /* AlbumViewTest */,
				FC720E2C1E23D6CF00E56FB1 /* Products */,
			);
			sourceTree = "<group>";
		};
		FC720E2C1E23D6CF00E56FB1 /* Products */ = {
			isa = PBXGroup;
			children = (
				FC720E2B1E23D6CF00E56FB1 /* AlbumViewTest.app */,
			);
			name = Products;
			sourceTree = "<group>";
		};
		FC720E2D1E23D6CF00E56FB1 /* AlbumViewTest */ = {
			isa = PBXGroup;
			children = (
				FC720E2E1E23D6CF00E56FB1 /* AppDelegate.swift */,
				FC720E301E23D6CF00E56FB1 /* ViewController.swift */,
				FC720E321E23D6CF00E56FB1 /* Main.storyboard */,
				FC720E351E23D6CF00E56FB1 /* Assets.xcassets */,
				FC720E371E23D6CF00E56FB1 /* LaunchScreen.storyboard */,
				FC720E3A1E23D6CF00E56FB1 /* Info.plist */,
				FC2DB1FE1E24B3D10094F378 /* CollectionViewCell.swift */,
				FC2DB2001E24B5350094F378 /* NewViewController.swift */,
			);
			path = AlbumViewTest;
			sourceTree = "<group>";
		};
/* End PBXGroup section */

/* Begin PBXNativeTarget section */
		FC720E2A1E23D6CF00E56FB1 /* AlbumViewTest */ = {
			isa = PBXNativeTarget;
			buildConfigurationList = FC720E3D1E23D6CF00E56FB1 /* Build configuration list for PBXNativeTarget "AlbumViewTest" */;
			buildPhases = (
				FC720E271E23D6CF00E56FB1 /* Sources */,
				FC720E281E23D6CF00E56FB1 /* Frameworks */,
				FC720E291E23D6CF00E56FB1 /* Resources */,
			);
			buildRules = (
			);
			dependencies = (
			);
			name = AlbumViewTest;
			productName = AlbumViewTest;
			productReference = FC720E2B1E23D6CF00E56FB1 /* AlbumViewTest.app */;
			productType = "com.apple.product-type.application";
		};
/* End PBXNativeTarget section */

/* Begin PBXProject section */
		FC720E231E23D6CF00E56FB1 /* Project object */ = {
			isa = PBXProject;
			attributes = {
				LastSwiftUpdateCheck = 0820;
				LastUpgradeCheck = 0820;
				ORGANIZATIONNAME = "Dynamic Solution Innovators";
				TargetAttributes = {
					FC720E2A1E23D6CF00E56FB1 = {
						CreatedOnToolsVersion = 8.2.1;
						DevelopmentTeam = 44P62SJ3XA;
						ProvisioningStyle = Automatic;
					};
				};
			};
			buildConfigurationList = FC720E261E23D6CF00E56FB1 /* Build configuration list for PBXProject "AlbumViewTest" */;
			compatibilityVersion = "Xcode 3.2";
			developmentRegion = English;
			hasScannedForEncodings = 0;
			knownRegions = (
				en,
				Base,
			);
			mainGroup = FC720E221E23D6CF00E56FB1;
			productRefGroup = FC720E2C1E23D6CF00E56FB1 /* Products */;
			projectDirPath = "";
			projectRoot = "";
			targets = (
				FC720E2A1E23D6CF00E56FB1 /* AlbumViewTest */,
			);
		};
/* End PBXProject section */

/* Begin PBXResourcesBuildPhase section */
		FC720E291E23D6CF00E56FB1 /* Resources */ = {
			isa = PBXResourcesBuildPhase;
			buildActionMask = 2147483647;
			files = (
				FC720E391E23D6CF00E56FB1 /* LaunchScreen.storyboard in Resources */,
				FC720E361E23D6CF00E56FB1 /* Assets.xcassets in Resources */,
				FC720E341E23D6CF00E56FB1 /* Main.storyboard in Resources */,
			);
			runOnlyForDeploymentPostprocessing = 0;
		};
/* End PBXResourcesBuildPhase section */

/* Begin PBXSourcesBuildPhase section */
		FC720E271E23D6CF00E56FB1 /* Sources */ = {
			isa = PBXSourcesBuildPhase;
			buildActionMask = 2147483647;
			files = (
				FC720E311E23D6CF00E56FB1 /* ViewController.swift in Sources */,
				FC720E2F1E23D6CF00E56FB1 /* AppDelegate.swift in Sources */,
				FC2DB1FF1E24B3D10094F378 /* CollectionViewCell.swift in Sources */,
				FC2DB2011E24B5350094F378 /* NewViewController.swift in Sources */,
			);
			runOnlyForDeploymentPostprocessing = 0;
		};
/* End PBXSourcesBuildPhase section */

/* Begin PBXVariantGroup section */
		FC720E321E23D6CF00E56FB1 /* Main.storyboard */ = {
			isa = PBXVariantGroup;
			children = (
				FC720E331E23D6CF00E56FB1 /* Base */,
			);
			name = Main.storyboard;
			sourceTree = "<group>";
		};
		FC720E371E23D6CF00E56FB1 /* LaunchScreen.storyboard */ = {
			isa = PBXVariantGroup;
			children = (
				FC720E381E23D6CF00E56FB1 /* Base */,
			);
			name = LaunchScreen.storyboard;
			sourceTree = "<group>";
		};
/* End PBXVariantGroup section */

/* Begin XCBuildConfiguration section */
		FC720E3B1E23D6CF00E56FB1 /* Debug */ = {
			isa = XCBuildConfiguration;
			buildSettings = {
				ALWAYS_SEARCH_USER_PATHS = NO;
				CLANG_ANALYZER_NONNULL = YES;
				CLANG_CXX_LANGUAGE_STANDARD = "gnu++0x";
				CLANG_CXX_LIBRARY = "libc++";
				CLANG_ENABLE_MODULES = YES;
				CLANG_ENABLE_OBJC_ARC = YES;
				CLANG_WARN_BOOL_CONVERSION = YES;
				CLANG_WARN_CONSTANT_CONVERSION = YES;
				CLANG_WARN_DIRECT_OBJC_ISA_USAGE = YES_ERROR;
				CLANG_WARN_DOCUMENTATION_COMMENTS = YES;
				CLANG_WARN_EMPTY_BODY = YES;
				CLANG_WARN_ENUM_CONVERSION = YES;
				CLANG_WARN_INFINITE_RECURSION = YES;
				CLANG_WARN_INT_CONVERSION = YES;
				CLANG_WARN_OBJC_ROOT_CLASS = YES_ERROR;
				CLANG_WARN_SUSPICIOUS_MOVE = YES;
				CLANG_WARN_UNREACHABLE_CODE = YES;
				CLANG_WARN__DUPLICATE_METHOD_MATCH = YES;
				"CODE_SIGN_IDENTITY[sdk=iphoneos*]" = "iPhone Developer";
				COPY_PHASE_STRIP = NO;
				DEBUG_INFORMATION_FORMAT = dwarf;
				ENABLE_STRICT_OBJC_MSGSEND = YES;
				ENABLE_TESTABILITY = YES;
				GCC_C_LANGUAGE_STANDARD = gnu99;
				GCC_DYNAMIC_NO_PIC = NO;
				GCC_NO_COMMON_BLOCKS = YES;
				GCC_OPTIMIZATION_LEVEL = 0;
				GCC_PREPROCESSOR_DEFINITIONS = (
					"DEBUG=1",
					"$(inherited)",
				);
				GCC_WARN_64_TO_32_BIT_CONVERSION = YES;
				GCC_WARN_ABOUT_RETURN_TYPE = YES_ERROR;
				GCC_WARN_UNDECLARED_SELECTOR = YES;
				GCC_WARN_UNINITIALIZED_AUTOS = YES_AGGRESSIVE;
				GCC_WARN_UNUSED_FUNCTION = YES;
				GCC_WARN_UNUSED_VARIABLE = YES;
				IPHONEOS_DEPLOYMENT_TARGET = 10.2;
				MTL_ENABLE_DEBUG_INFO = YES;
				ONLY_ACTIVE_ARCH = YES;
				SDKROOT = iphoneos;
				SWIFT_ACTIVE_COMPILATION_CONDITIONS = DEBUG;
				SWIFT_OPTIMIZATION_LEVEL = "-Onone";
			};
			name = Debug;
		};
		FC720E3C1E23D6CF00E56FB1 /* Release */ = {
			isa = XCBuildConfiguration;
			buildSettings = {
				ALWAYS_SEARCH_USER_PATHS = NO;
				CLANG_ANALYZER_NONNULL = YES;
				CLANG_CXX_LANGUAGE_STANDARD = "gnu++0x";
				CLANG_CXX_LIBRARY = "libc++";
				CLANG_ENABLE_MODULES = YES;
				CLANG_ENABLE_OBJC_ARC = YES;
				CLANG_WARN_BOOL_CONVERSION = YES;
				CLANG_WARN_CONSTANT_CONVERSION = YES;
				CLANG_WARN_DIRECT_OBJC_ISA_USAGE = YES_ERROR;
				CLANG_WARN_DOCUMENTATION_COMMENTS = YES;
				CLANG_WARN_EMPTY_BODY = YES;
				CLANG_WARN_ENUM_CONVERSION = YES;
				CLANG_WARN_INFINITE_RECURSION = YES;
				CLANG_WARN_INT_CONVERSION = YES;
				CLANG_WARN_OBJC_ROOT_CLASS = YES_ERROR;
				CLANG_WARN_SUSPICIOUS_MOVE = YES;
				CLANG_WARN_UNREACHABLE_CODE = YES;
				CLANG_WARN__DUPLICATE_METHOD_MATCH = YES;
				"CODE_SIGN_IDENTITY[sdk=iphoneos*]" = "iPhone Developer";
				COPY_PHASE_STRIP = NO;
				DEBUG_INFORMATION_FORMAT = "dwarf-with-dsym";
				ENABLE_NS_ASSERTIONS = NO;
				ENABLE_STRICT_OBJC_MSGSEND = YES;
				GCC_C_LANGUAGE_STANDARD = gnu99;
				GCC_NO_COMMON_BLOCKS = YES;
				GCC_WARN_64_TO_32_BIT_CONVERSION = YES;
				GCC_WARN_ABOUT_RETURN_TYPE = YES_ERROR;
				GCC_WARN_UNDECLARED_SELECTOR = YES;
				GCC_WARN_UNINITIALIZED_AUTOS = YES_AGGRESSIVE;
				GCC_WARN_UNUSED_FUNCTION = YES;
				GCC_WARN_UNUSED_VARIABLE = YES;
				IPHONEOS_DEPLOYMENT_TARGET = 10.2;
				MTL_ENABLE_DEBUG_INFO = NO;
				SDKROOT = iphoneos;
				SWIFT_OPTIMIZATION_LEVEL = "-Owholemodule";
				VALIDATE_PRODUCT = YES;
			};
			name = Release;
		};
		FC720E3E1E23D6CF00E56FB1 /* Debug */ = {
			isa = XCBuildConfiguration;
			buildSettings = {
				ASSETCATALOG_COMPILER_APPICON_NAME = AppIcon;
				DEVELOPMENT_TEAM = 44P62SJ3XA;
				INFOPLIST_FILE = AlbumViewTest/Info.plist;
				IPHONEOS_DEPLOYMENT_TARGET = 9.0;
				LD_RUNPATH_SEARCH_PATHS = "$(inherited) @executable_path/Frameworks";
				PRODUCT_BUNDLE_IDENTIFIER = com.dsi.AlbumViewTest;
				PRODUCT_NAME = "$(TARGET_NAME)";
				SWIFT_VERSION = 3.0;
			};
			name = Debug;
		};
		FC720E3F1E23D6CF00E56FB1 /* Release */ = {
			isa = XCBuildConfiguration;
			buildSettings = {
				ASSETCATALOG_COMPILER_APPICON_NAME = AppIcon;
				DEVELOPMENT_TEAM = 44P62SJ3XA;
				INFOPLIST_FILE = AlbumViewTest/Info.plist;
				IPHONEOS_DEPLOYMENT_TARGET = 9.0;
				LD_RUNPATH_SEARCH_PATHS = "$(inherited) @executable_path/Frameworks";
				PRODUCT_BUNDLE_IDENTIFIER = com.dsi.AlbumViewTest;
				PRODUCT_NAME = "$(TARGET_NAME)";
				SWIFT_VERSION = 3.0;
			};
			name = Release;
		};
/* End XCBuildConfiguration section */

/* Begin XCConfigurationList section */
		FC720E261E23D6CF00E56FB1 /* Build configuration list for PBXProject "AlbumViewTest" */ = {
			isa = XCConfigurationList;
			buildConfigurations = (
				FC720E3B1E23D6CF00E56FB1 /* Debug */,
				FC720E3C1E23D6CF00E56FB1 /* Release */,
			);
			defaultConfigurationIsVisible = 0;
			defaultConfigurationName = Release;
		};
		FC720E3D1E23D6CF00E56FB1 /* Build configuration list for PBXNativeTarget "AlbumViewTest" */ = {
			isa = XCConfigurationList;
			buildConfigurations = (
				FC720E3E1E23D6CF00E56FB1 /* Debug */,
				FC720E3F1E23D6CF00E56FB1 /* Release */,
			);
			defaultConfigurationIsVisible = 0;
			defaultConfigurationName = Release;
		};
/* End XCConfigurationList section */
	};
	rootObject = FC720E231E23D6CF00E56FB1 /* Project object */;
}
